
Microsoft Visual Studio Solution File, Format Version 12.00
# Visual Studio 15
VisualStudioVersion = 15.0.34526.175
MinimumVisualStudioVersion = 10.0.40219.1
Project("{FAE04EC0-301F-11D3-BF4B-00C04F79EFBC}") = "Eczane Otomasyonu", "Eczane Otomasyonu\Eczane Otomasyonu.csproj", "{60BCE6F0-BF32-4C24-B826-7EEDFF471547}"
EndProject
Global
	GlobalSection(SolutionConfigurationPlatforms) = preSolution
		Debug|Any CPU = Debug|Any CPU
		Release|Any CPU = Release|Any CPU
	EndGlobalSection
	GlobalSection(ProjectConfigurationPlatforms) = postSolution
		{60BCE6F0-BF32-4C24-B826-7EEDFF471547}.Debug|Any CPU.ActiveCfg = Debug|Any CPU
		{60BCE6F0-BF32-4C24-B826-7EEDFF471547}.Debug|Any CPU.Build.0 = Debug|Any CPU
		{60BCE6F0-BF32-4C24-B826-7EEDFF471547}.Release|Any CPU.ActiveCfg = Release|Any CPU
		{60BCE6F0-BF32-4C24-B826-7EEDFF471547}.Release|Any CPU.Build.0 = Release|Any CPU
	EndGlobalSection
	GlobalSection(SolutionProperties) = preSolution
		HideSolutionNode = FALSE
	EndGlobalSection
	GlobalSection(ExtensibilityGlobals) = postSolution
		SolutionGuid = {7B778E3F-FAF8-47AE-ABE9-2A053E3091A1}
	EndGlobalSection
EndGlobal
